
Microsoft Visual Studio Solution File, Format Version 12.00
# Visual Studio Version 17
VisualStudioVersion = 17.14.36414.22
MinimumVisualStudioVersion = 10.0.40219.1
Project("{FAE04EC0-301F-11D3-BF4B-00C04F79EFBC}") = "TeamConnect.Api", "TeamConnect.Api.csproj", "{95CA2D79-E283-4BE6-9810-BAD2C4C8A001}"
EndProject
Project("{FAE04EC0-301F-11D3-BF4B-00C04F79EFBC}") = "TeamConnect.Api.Tests", "..\TeamConnect.Api.Tests\TeamConnect.Api.Tests.csproj", "{31476150-3724-479B-81C9-F204828AB010}"
EndProject
Global
	GlobalSection(SolutionConfigurationPlatforms) = preSolution
		Debug|Any CPU = Debug|Any CPU
		Debug|x64 = Debug|x64
		Debug|x86 = Debug|x86
		Release|Any CPU = Release|Any CPU
		Release|x64 = Release|x64
		Release|x86 = Release|x86
	EndGlobalSection
	GlobalSection(ProjectConfigurationPlatforms) = postSolution
		{95CA2D79-E283-4BE6-9810-BAD2C4C8A001}.Debug|Any CPU.ActiveCfg = Debug|Any CPU
		{95CA2D79-E283-4BE6-9810-BAD2C4C8A001}.Debug|Any CPU.Build.0 = Debug|Any CPU
		{95CA2D79-E283-4BE6-9810-BAD2C4C8A001}.Debug|x64.ActiveCfg = Debug|Any CPU
		{95CA2D79-E283-4BE6-9810-BAD2C4C8A001}.Debug|x64.Build.0 = Debug|Any CPU
		{95CA2D79-E283-4BE6-9810-BAD2C4C8A001}.Debug|x86.ActiveCfg = Debug|Any CPU
		{95CA2D79-E283-4BE6-9810-BAD2C4C8A001}.Debug|x86.Build.0 = Debug|Any CPU
		{95CA2D79-E283-4BE6-9810-BAD2C4C8A001}.Release|Any CPU.ActiveCfg = Release|Any CPU
		{95CA2D79-E283-4BE6-9810-BAD2C4C8A001}.Release|Any CPU.Build.0 = Release|Any CPU
		{95CA2D79-E283-4BE6-9810-BAD2C4C8A001}.Release|x64.ActiveCfg = Release|Any CPU
		{95CA2D79-E283-4BE6-9810-BAD2C4C8A001}.Release|x64.Build.0 = Release|Any CPU
		{95CA2D79-E283-4BE6-9810-BAD2C4C8A001}.Release|x86.ActiveCfg = Release|Any CPU
		{95CA2D79-E283-4BE6-9810-BAD2C4C8A001}.Release|x86.Build.0 = Release|Any CPU
		{31476150-3724-479B-81C9-F204828AB010}.Debug|Any CPU.ActiveCfg = Debug|Any CPU
		{31476150-3724-479B-81C9-F204828AB010}.Debug|Any CPU.Build.0 = Debug|Any CPU
		{31476150-3724-479B-81C9-F204828AB010}.Debug|x64.ActiveCfg = Debug|Any CPU
		{31476150-3724-479B-81C9-F204828AB010}.Debug|x64.Build.0 = Debug|Any CPU
		{31476150-3724-479B-81C9-F204828AB010}.Debug|x86.ActiveCfg = Debug|Any CPU
		{31476150-3724-479B-81C9-F204828AB010}.Debug|x86.Build.0 = Debug|Any CPU
		{31476150-3724-479B-81C9-F204828AB010}.Release|Any CPU.ActiveCfg = Release|Any CPU
		{31476150-3724-479B-81C9-F204828AB010}.Release|Any CPU.Build.0 = Release|Any CPU
		{31476150-3724-479B-81C9-F204828AB010}.Release|x64.ActiveCfg = Release|Any CPU
		{31476150-3724-479B-81C9-F204828AB010}.Release|x64.Build.0 = Release|Any CPU
		{31476150-3724-479B-81C9-F204828AB010}.Release|x86.ActiveCfg = Release|Any CPU
		{31476150-3724-479B-81C9-F204828AB010}.Release|x86.Build.0 = Release|Any CPU
	EndGlobalSection
	GlobalSection(SolutionProperties) = preSolution
		HideSolutionNode = FALSE
	EndGlobalSection
	GlobalSection(ExtensibilityGlobals) = postSolution
		SolutionGuid = {631BCEE9-AED4-4D4D-B449-5E8B3429A565}
	EndGlobalSection
EndGlobal
